
Microsoft Visual Studio Solution File, Format Version 12.00
# Visual Studio Version 17
VisualStudioVersion = 17.1.32421.90
MinimumVisualStudioVersion = 10.0.40219.1
Project("{FAE04EC0-301F-11D3-BF4B-00C04F79EFBC}") = "MagazinOnline", "MagazinOnline\MagazinOnline.csproj", "{9F43D275-0635-4BE5-873E-6F1716D283BF}"
EndProject
Global
	GlobalSection(SolutionConfigurationPlatforms) = preSolution
		Debug|Any CPU = Debug|Any CPU
		Release|Any CPU = Release|Any CPU
	EndGlobalSection
	GlobalSection(ProjectConfigurationPlatforms) = postSolution
		{9F43D275-0635-4BE5-873E-6F1716D283BF}.Debug|Any CPU.ActiveCfg = Debug|Any CPU
		{9F43D275-0635-4BE5-873E-6F1716D283BF}.Debug|Any CPU.Build.0 = Debug|Any CPU
		{9F43D275-0635-4BE5-873E-6F1716D283BF}.Release|Any CPU.ActiveCfg = Release|Any CPU
		{9F43D275-0635-4BE5-873E-6F1716D283BF}.Release|Any CPU.Build.0 = Release|Any CPU
	EndGlobalSection
	GlobalSection(SolutionProperties) = preSolution
		HideSolutionNode = FALSE
	EndGlobalSection
	GlobalSection(ExtensibilityGlobals) = postSolution
		SolutionGuid = {E8CBAF7C-148C-47C6-8901-CB76132D4573}
	EndGlobalSection
EndGlobal
